
Microsoft Visual Studio Solution File, Format Version 12.00
# Visual Studio 15
VisualStudioVersion = 15.0.28307.329
MinimumVisualStudioVersion = 10.0.40219.1
Project("{FAE04EC0-301F-11D3-BF4B-00C04F79EFBC}") = "ExerciciosDouglas", "ExercíciosDouglas\ExerciciosDouglas.csproj", "{A643E7F2-BA85-4F31-8600-8716F685C13B}"
EndProject
Global
	GlobalSection(SolutionConfigurationPlatforms) = preSolution
		Debug|Any CPU = Debug|Any CPU
		Release|Any CPU = Release|Any CPU
	EndGlobalSection
	GlobalSection(ProjectConfigurationPlatforms) = postSolution
		{A643E7F2-BA85-4F31-8600-8716F685C13B}.Debug|Any CPU.ActiveCfg = Debug|Any CPU
		{A643E7F2-BA85-4F31-8600-8716F685C13B}.Debug|Any CPU.Build.0 = Debug|Any CPU
		{A643E7F2-BA85-4F31-8600-8716F685C13B}.Release|Any CPU.ActiveCfg = Release|Any CPU
		{A643E7F2-BA85-4F31-8600-8716F685C13B}.Release|Any CPU.Build.0 = Release|Any CPU
	EndGlobalSection
	GlobalSection(SolutionProperties) = preSolution
		HideSolutionNode = FALSE
	EndGlobalSection
	GlobalSection(ExtensibilityGlobals) = postSolution
		SolutionGuid = {A2E3596F-17E4-4EBE-992F-AD7F0E5D1BD2}
	EndGlobalSection
EndGlobal
